{
  "version": 4,
  "terraform_version": "0.12.9",
  "serial": 8,
  "lineage": "5a62cd68-a9a3-640d-ff3a-2505374bab1c",
  "outputs": {},
  "resources": [
    {
      "mode": "managed",
      "type": "google_container_cluster",
      "name": "primary",
      "provider": "provider.google",
      "instances": [
        {
          "schema_version": 1,
          "attributes": {
            "additional_zones": [],
            "addons_config": [
              {
                "horizontal_pod_autoscaling": [],
                "http_load_balancing": [],
                "kubernetes_dashboard": [
                  {
                    "disabled": true
                  }
                ],
                "network_policy_config": [
                  {
                    "disabled": true
                  }
                ]
              }
            ],
            "cluster_autoscaling": [],
            "cluster_ipv4_cidr": "10.56.0.0/14",
            "description": "",
            "enable_binary_authorization": null,
            "enable_intranode_visibility": null,
            "enable_kubernetes_alpha": false,
            "enable_legacy_abac": false,
            "enable_tpu": null,
            "endpoint": "35.242.219.120",
            "id": "atos-dev",
            "initial_node_count": 1,
            "instance_group_urls": [
              "https://www.googleapis.com/compute/v1/projects/atos-dev-254809/zones/europe-west3-a/instanceGroups/gke-atos-dev-default-pool-3f49183d-grp"
            ],
            "ip_allocation_policy": [],
            "location": "europe-west3-a",
            "logging_service": "logging.googleapis.com",
            "maintenance_policy": [],
            "master_auth": [
              {
                "client_certificate": "",
                "client_certificate_config": [
                  {
                    "issue_client_certificate": false
                  }
                ],
                "client_key": "",
                "cluster_ca_certificate": "LS0tLS1CRUdJTiBDRVJUSUZJQ0FURS0tLS0tCk1JSURDekNDQWZPZ0F3SUJBZ0lRU2FRZUc0aVpUekQzYkRWMHN2ZXkyVEFOQmdrcWhraUc5dzBCQVFzRkFEQXYKTVMwd0t3WURWUVFERXlRNFlqWmhPV000TXkwM05XUmlMVFE1WldVdFlUY3pOQzA1TkRrMk1UWTFPR1pqWkdNdwpIaGNOTVRreE1EQTBNVEl3TkRRM1doY05NalF4TURBeU1UTXdORFEzV2pBdk1TMHdLd1lEVlFRREV5UTRZalpoCk9XTTRNeTAzTldSaUxUUTVaV1V0WVRjek5DMDVORGsyTVRZMU9HWmpaR013Z2dFaU1BMEdDU3FHU0liM0RRRUIKQVFVQUE0SUJEd0F3Z2dFS0FvSUJBUUM4RHBSWUdMNDd0SHZ3VTBlcm8xTFhCMTM4TlArbGxBUXJhUHZqYXN4UgpLZzNBRk5ndTlCbytGcVJaVjNNWjZBbEgyZmd6YkNQU1VXOXdDd1FuQTYyNzQ1VEkreU9OT3YzYXVtcnZFeEx1Ci9kc1hRbmU2NFc1ZnBUVU5xaHNUa3lEM2lvcEpSNzM4OWNFWmxJTG4xU1grL1lORmdEUjVLSVB0Z3d3SE1JdmsKYVk5UlNCdEVxVStTdnFUNXlvZFBUdjF0WTNVUW5JSStVY3oyYW9BWDE4eExSQXFXb2hlRHRkZDQyUjdibml5VAp5TEY0MGQzS280TlV4SHhwUDV0VldMTmVzOUZ4TjdjZTNuVURVWGszTU5GMU5EV1VKRkFiUDNnZEUxVE5TMWQvCnc5L09yZVIrbHpScE5STHZiUE5TeFAvZU9EUk9xOWRpOHVoZzNOY1hRbmdKQWdNQkFBR2pJekFoTUE0R0ExVWQKRHdFQi93UUVBd0lDQkRBUEJnTlZIUk1CQWY4RUJUQURBUUgvTUEwR0NTcUdTSWIzRFFFQkN3VUFBNElCQVFDYwp1SjgySC9QUC8vcnZUQlc4SUs2WDd2dlNFNnNxVG5XWUIzSGZTY2xleFJndmNsZG9NUzhYS2lhTndVdFJQMzZWCmpDQWtKSUJ6UVRHcE9ueDB3ZFNTR3NtSGpvSXBJb2NrdUtTdVB3UVVTMCs1VnFhSllRQzBQWmdyUmEwbGdFV1MKR1Q5UldsWGFBc0R3Qk9PSWRHSzBhbTVnOUFkdFNrbSsyMkhnZEpSU0xXUC9GZXlDRUNRaEJSSklxRlNHaTRKSQpnUTdDTVBLcEI1OWlpT2RId2FkanMvWUU3TVYyajkvekpaWGdYRnFKMFVGbktESWpmVURsNk51UmwyeWc4d092CjZEMnNWOUJlQmw1bTAvUTF2VldqQnZCa1p3OTRmWitLa1NBZ0lDZndkVVUxU0I2bFNDb1VWZGRub3Z6Nm9teEYKeUV3MkZSNThSM1BaODNDVFpPU0cKLS0tLS1FTkQgQ0VSVElGSUNBVEUtLS0tLQo=",
                "password": "",
                "username": ""
              }
            ],
            "master_authorized_networks_config": [],
            "master_version": "1.13.7-gke.24",
            "min_master_version": null,
            "monitoring_service": "monitoring.googleapis.com",
            "name": "atos-dev",
            "network": "projects/atos-dev-254809/global/networks/default",
            "network_policy": [
              {
                "enabled": false,
                "provider": "PROVIDER_UNSPECIFIED"
              }
            ],
            "node_config": [
              {
                "disk_size_gb": 100,
                "disk_type": "pd-standard",
                "guest_accelerator": [],
                "image_type": "COS",
                "labels": {},
                "local_ssd_count": 0,
                "machine_type": "n1-standard-1",
                "metadata": {
                  "disable-legacy-endpoints": "true"
                },
                "min_cpu_platform": "",
                "oauth_scopes": [
                  "https://www.googleapis.com/auth/devstorage.read_only",
                  "https://www.googleapis.com/auth/logging.write",
                  "https://www.googleapis.com/auth/monitoring",
                  "https://www.googleapis.com/auth/service.management.readonly",
                  "https://www.googleapis.com/auth/servicecontrol",
                  "https://www.googleapis.com/auth/trace.append"
                ],
                "preemptible": false,
                "sandbox_config": [],
                "service_account": "default",
                "tags": [],
                "taint": [],
                "workload_metadata_config": []
              }
            ],
            "node_locations": [],
            "node_pool": [
              {
                "autoscaling": [],
                "initial_node_count": 1,
                "instance_group_urls": [
                  "https://www.googleapis.com/compute/v1/projects/atos-dev-254809/zones/europe-west3-a/instanceGroupManagers/gke-atos-dev-default-pool-3f49183d-grp"
                ],
                "management": [
                  {
                    "auto_repair": false,
                    "auto_upgrade": false
                  }
                ],
                "max_pods_per_node": 0,
                "name": "default-pool",
                "name_prefix": "",
                "node_config": [
                  {
                    "disk_size_gb": 100,
                    "disk_type": "pd-standard",
                    "guest_accelerator": [],
                    "image_type": "COS",
                    "labels": {},
                    "local_ssd_count": 0,
                    "machine_type": "n1-standard-1",
                    "metadata": {
                      "disable-legacy-endpoints": "true"
                    },
                    "min_cpu_platform": "",
                    "oauth_scopes": [
                      "https://www.googleapis.com/auth/devstorage.read_only",
                      "https://www.googleapis.com/auth/logging.write",
                      "https://www.googleapis.com/auth/monitoring",
                      "https://www.googleapis.com/auth/service.management.readonly",
                      "https://www.googleapis.com/auth/servicecontrol",
                      "https://www.googleapis.com/auth/trace.append"
                    ],
                    "preemptible": false,
                    "sandbox_config": [],
                    "service_account": "default",
                    "tags": [],
                    "taint": [],
                    "workload_metadata_config": []
                  }
                ],
                "node_count": 1,
                "version": "1.13.7-gke.24"
              }
            ],
            "node_version": "1.13.7-gke.24",
            "pod_security_policy_config": [],
            "private_cluster_config": [],
            "project": "atos-dev-254809",
            "region": null,
            "remove_default_node_pool": null,
            "resource_labels": null,
            "services_ipv4_cidr": "10.59.240.0/20",
            "subnetwork": "projects/atos-dev-254809/regions/europe-west3/subnetworks/default",
            "timeouts": null,
            "zone": "europe-west3-a"
          },
          "private": "eyJlMmJmYjczMC1lY2FhLTExZTYtOGY4OC0zNDM2M2JjN2M0YzAiOnsiY3JlYXRlIjoxODAwMDAwMDAwMDAwLCJkZWxldGUiOjE4MDAwMDAwMDAwMDAsInVwZGF0ZSI6MzYwMDAwMDAwMDAwMH0sInNjaGVtYV92ZXJzaW9uIjoiMSJ9"
        }
      ]
    },
    {
      "mode": "managed",
      "type": "google_container_node_pool",
      "name": "primary_preemptible_nodes",
      "provider": "provider.google",
      "instances": [
        {
          "schema_version": 1,
          "attributes": {
            "autoscaling": [],
            "cluster": "atos-dev",
            "id": "europe-west3-a/atos-dev/atos-node-pool",
            "initial_node_count": 1,
            "instance_group_urls": [
              "https://www.googleapis.com/compute/v1/projects/atos-dev-254809/zones/europe-west3-a/instanceGroupManagers/gke-atos-dev-atos-node-pool-e8ad4a53-grp"
            ],
            "location": "europe-west3-a",
            "management": [
              {
                "auto_repair": false,
                "auto_upgrade": false
              }
            ],
            "max_pods_per_node": null,
            "name": "atos-node-pool",
            "name_prefix": "",
            "node_config": [
              {
                "disk_size_gb": 100,
                "disk_type": "pd-standard",
                "guest_accelerator": [],
                "image_type": "COS",
                "labels": {},
                "local_ssd_count": 0,
                "machine_type": "n1-standard-1",
                "metadata": {
                  "disable-legacy-endpoints": "true"
                },
                "min_cpu_platform": "",
                "oauth_scopes": [
                  "https://www.googleapis.com/auth/logging.write",
                  "https://www.googleapis.com/auth/monitoring"
                ],
                "preemptible": true,
                "sandbox_config": [],
                "service_account": "default",
                "tags": [],
                "taint": [],
                "workload_metadata_config": []
              }
            ],
            "node_count": 1,
            "project": "atos-dev-254809",
            "region": null,
            "timeouts": null,
            "version": "1.13.7-gke.24",
            "zone": "europe-west3-a"
          },
          "private": "eyJlMmJmYjczMC1lY2FhLTExZTYtOGY4OC0zNDM2M2JjN2M0YzAiOnsiY3JlYXRlIjoxODAwMDAwMDAwMDAwLCJkZWxldGUiOjYwMDAwMDAwMDAwMCwidXBkYXRlIjo2MDAwMDAwMDAwMDB9LCJzY2hlbWFfdmVyc2lvbiI6IjEifQ==",
          "depends_on": [
            "google_container_cluster.primary"
          ]
        }
      ]
    }
  ]
}
