{
  "version": 4,
  "terraform_version": "0.12.9",
  "serial": 24,
  "lineage": "5a62cd68-a9a3-640d-ff3a-2505374bab1c",
  "outputs": {},
  "resources": [
    {
      "mode": "managed",
      "type": "google_container_cluster",
      "name": "cluster",
      "provider": "provider.google",
      "instances": [
        {
          "schema_version": 1,
          "attributes": {
            "additional_zones": [],
            "addons_config": [
              {
                "horizontal_pod_autoscaling": [],
                "http_load_balancing": [],
                "kubernetes_dashboard": [
                  {
                    "disabled": true
                  }
                ],
                "network_policy_config": [
                  {
                    "disabled": true
                  }
                ]
              }
            ],
            "cluster_autoscaling": [],
            "cluster_ipv4_cidr": "10.40.0.0/14",
            "description": "",
            "enable_binary_authorization": null,
            "enable_intranode_visibility": null,
            "enable_kubernetes_alpha": false,
            "enable_legacy_abac": false,
            "enable_tpu": null,
            "endpoint": "35.198.96.127",
            "id": "atos-dev-k8s",
            "initial_node_count": 1,
            "instance_group_urls": [
              "https://www.googleapis.com/compute/v1/projects/atos-dev-254809/zones/europe-west3-a/instanceGroups/gke-atos-dev-k8s-default-pool-970165e2-grp"
            ],
            "ip_allocation_policy": [],
            "location": "europe-west3-a",
            "logging_service": "logging.googleapis.com/kubernetes",
            "maintenance_policy": [],
            "master_auth": [
              {
                "client_certificate": "",
                "client_certificate_config": [
                  {
                    "issue_client_certificate": false
                  }
                ],
                "client_key": "",
                "cluster_ca_certificate": "LS0tLS1CRUdJTiBDRVJUSUZJQ0FURS0tLS0tCk1JSURERENDQWZTZ0F3SUJBZ0lSQU12RGx3bVU2ZG9CSFJ1NGJxVXlQN0F3RFFZSktvWklodmNOQVFFTEJRQXcKTHpFdE1Dc0dBMVVFQXhNa1l6VmtNek16TkRFdE1qSmhNQzAwTkdaa0xXRTBabVF0TW1ZeE1tUTJNREZtTmpVegpNQjRYRFRFNU1URXdNakV4TXpVd05sb1hEVEkwTVRBek1URXlNelV3Tmxvd0x6RXRNQ3NHQTFVRUF4TWtZelZrCk16TXpOREV0TWpKaE1DMDBOR1prTFdFMFptUXRNbVl4TW1RMk1ERm1OalV6TUlJQklqQU5CZ2txaGtpRzl3MEIKQVFFRkFBT0NBUThBTUlJQkNnS0NBUUVBd2lpVXgxL1lMU0lnTVJaQVJuUVJxdU05QS9uVW4ray9PQzMrc2xuWQpGOFlhVXJHYmtuSXMrRnhKS00xM3UxamNFOEppVVJlMnBteTVRV3ZUTFpQRDdUVVFQQ0xHQTFmUCtVS3FnaGtUClpUSEtEVFQyRnhNeHh4R3FNUnlWSURjRExUMFpuQjA5TmlVNmh1cU9sVVF1bXkxd0tqTFlFQUVTdURTdjRFd1EKcWRJTEdJM1lXaG03dkc1dHFlWXQzRmhkSDhhYzZmdGtSRDF0RzBycHczb0JZWG1aeUswQUFncUcxTUJ1UjZMYQo3ckhZcEZ0OWExRDlOWTRGV3FmZG1OS2xXS3IwR2hLTjRsc2tqbklobnl5YUNJVkZQa3J0WHNEODFNSFRSd1o0CmVDeDVrdlpoK2ZzUGZ0Z1pkckFoa2xQQWhIckVUTjhDaE0rWG1GbHQ0d2tkeXdJREFRQUJveU13SVRBT0JnTlYKSFE4QkFmOEVCQU1DQWdRd0R3WURWUjBUQVFIL0JBVXdBd0VCL3pBTkJna3Foa2lHOXcwQkFRc0ZBQU9DQVFFQQpoZk1WNHlCWWl5Ni9GbWlaZGJxak9KQ01PcnZOUWV4bi9Geldrd3VZQ2FSc1NpRFJWZnpQcmMvMXRYN2I1T1lwCmxtU3ZZbGtYR0xGYndncUcrcXRQWElESGRiSmRRS1FhckpsZ2hVMkhVWWhYNzBnWUREZXpmNVJkdUNjYk9oYlAKbms4RERVTmJUVmhWNStmalI4amwzTCtKSEhCekhCZnV2MGV0UFJBa0dlNTA3UHlsN2pCTHJTaWxpWERHbTZUZwpITXcxNUh5dkxuSXN3WFYyeG1UMUYyZ2tLS21aRW5IVkkxRmZtTFJwZWJ2ejBsMHBxZ3IyVW9RRUd2dzZaUlExCitLaC9DYUl2S3FSRVBqOHVzUXU0QUhzcXVUcDYvZnBXUHZSSUlkOUNiK004WExTSG9ZQXV6NDg1QVoxYi8xVi8KcHFodmkwb2JxZlRPclRQdDh3akxDZz09Ci0tLS0tRU5EIENFUlRJRklDQVRFLS0tLS0K",
                "password": "",
                "username": ""
              }
            ],
            "master_authorized_networks_config": [],
            "master_version": "1.14.7-gke.14",
            "min_master_version": "1.14.7-gke.14",
            "monitoring_service": "monitoring.googleapis.com/kubernetes",
            "name": "atos-dev-k8s",
            "network": "projects/atos-dev-254809/global/networks/default",
            "network_policy": [
              {
                "enabled": false,
                "provider": "PROVIDER_UNSPECIFIED"
              }
            ],
            "node_config": [
              {
                "disk_size_gb": 100,
                "disk_type": "pd-standard",
                "guest_accelerator": [],
                "image_type": "COS",
                "labels": {},
                "local_ssd_count": 0,
                "machine_type": "n1-standard-1",
                "metadata": {
                  "disable-legacy-endpoints": "true"
                },
                "min_cpu_platform": "",
                "oauth_scopes": [
                  "https://www.googleapis.com/auth/devstorage.read_only",
                  "https://www.googleapis.com/auth/logging.write",
                  "https://www.googleapis.com/auth/monitoring",
                  "https://www.googleapis.com/auth/service.management.readonly",
                  "https://www.googleapis.com/auth/servicecontrol",
                  "https://www.googleapis.com/auth/trace.append"
                ],
                "preemptible": false,
                "sandbox_config": [],
                "service_account": "default",
                "tags": [],
                "taint": [],
                "workload_metadata_config": []
              }
            ],
            "node_locations": [],
            "node_pool": [
              {
                "autoscaling": [],
                "initial_node_count": 1,
                "instance_group_urls": [
                  "https://www.googleapis.com/compute/v1/projects/atos-dev-254809/zones/europe-west3-a/instanceGroupManagers/gke-atos-dev-k8s-default-pool-970165e2-grp"
                ],
                "management": [
                  {
                    "auto_repair": false,
                    "auto_upgrade": false
                  }
                ],
                "max_pods_per_node": 0,
                "name": "default-pool",
                "name_prefix": "",
                "node_config": [
                  {
                    "disk_size_gb": 100,
                    "disk_type": "pd-standard",
                    "guest_accelerator": [],
                    "image_type": "COS",
                    "labels": {},
                    "local_ssd_count": 0,
                    "machine_type": "n1-standard-1",
                    "metadata": {
                      "disable-legacy-endpoints": "true"
                    },
                    "min_cpu_platform": "",
                    "oauth_scopes": [
                      "https://www.googleapis.com/auth/devstorage.read_only",
                      "https://www.googleapis.com/auth/logging.write",
                      "https://www.googleapis.com/auth/monitoring",
                      "https://www.googleapis.com/auth/service.management.readonly",
                      "https://www.googleapis.com/auth/servicecontrol",
                      "https://www.googleapis.com/auth/trace.append"
                    ],
                    "preemptible": false,
                    "sandbox_config": [],
                    "service_account": "default",
                    "tags": [],
                    "taint": [],
                    "workload_metadata_config": []
                  }
                ],
                "node_count": 1,
                "version": "1.14.7-gke.14"
              }
            ],
            "node_version": "1.14.7-gke.14",
            "pod_security_policy_config": [],
            "private_cluster_config": [],
            "project": "atos-dev-254809",
            "region": null,
            "remove_default_node_pool": null,
            "resource_labels": null,
            "services_ipv4_cidr": "10.43.240.0/20",
            "subnetwork": "projects/atos-dev-254809/regions/europe-west3/subnetworks/default",
            "timeouts": null,
            "zone": "europe-west3-a"
          },
          "private": "eyJlMmJmYjczMC1lY2FhLTExZTYtOGY4OC0zNDM2M2JjN2M0YzAiOnsiY3JlYXRlIjoxODAwMDAwMDAwMDAwLCJkZWxldGUiOjE4MDAwMDAwMDAwMDAsInVwZGF0ZSI6MzYwMDAwMDAwMDAwMH0sInNjaGVtYV92ZXJzaW9uIjoiMSJ9"
        }
      ]
    },
    {
      "mode": "managed",
      "type": "google_container_node_pool",
      "name": "primary_regular_nodes",
      "provider": "provider.google",
      "instances": []
    }
  ]
}
